
Microsoft Visual Studio Solution File, Format Version 11.00
# Visual Studio 2010
Project("{FAE04EC0-301F-11D3-BF4B-00C04F79EFBC}") = "Unity.ML-Agents", "Unity.ML-Agents.csproj", "{A46EC0AF-7033-B992-0C51-BFF4654B6758}"
EndProject
Project("{FAE04EC0-301F-11D3-BF4B-00C04F79EFBC}") = "Unity.ML-Agents.CommunicatorObjects", "Unity.ML-Agents.CommunicatorObjects.csproj", "{1D4A9F16-6933-32C3-07E2-D0E290E0EC3F}"
EndProject
Project("{FAE04EC0-301F-11D3-BF4B-00C04F79EFBC}") = "Assembly-CSharp", "Assembly-CSharp.csproj", "{A92C30A7-53DA-18C2-7880-13D5CD490823}"
EndProject
Project("{FAE04EC0-301F-11D3-BF4B-00C04F79EFBC}") = "Unity.ML-Agents.Editor", "Unity.ML-Agents.Editor.csproj", "{819BACAB-BDE1-412B-75DE-E4063E5324C7}"
EndProject
Global
	GlobalSection(SolutionConfigurationPlatforms) = preSolution
		Debug|Any CPU = Debug|Any CPU
		Release|Any CPU = Release|Any CPU
	EndGlobalSection
	GlobalSection(ProjectConfigurationPlatforms) = postSolution
		{A46EC0AF-7033-B992-0C51-BFF4654B6758}.Debug|Any CPU.ActiveCfg = Debug|Any CPU
		{A46EC0AF-7033-B992-0C51-BFF4654B6758}.Debug|Any CPU.Build.0 = Debug|Any CPU
		{A46EC0AF-7033-B992-0C51-BFF4654B6758}.Release|Any CPU.ActiveCfg = Release|Any CPU
		{A46EC0AF-7033-B992-0C51-BFF4654B6758}.Release|Any CPU.Build.0 = Release|Any CPU
		{1D4A9F16-6933-32C3-07E2-D0E290E0EC3F}.Debug|Any CPU.ActiveCfg = Debug|Any CPU
		{1D4A9F16-6933-32C3-07E2-D0E290E0EC3F}.Debug|Any CPU.Build.0 = Debug|Any CPU
		{1D4A9F16-6933-32C3-07E2-D0E290E0EC3F}.Release|Any CPU.ActiveCfg = Release|Any CPU
		{1D4A9F16-6933-32C3-07E2-D0E290E0EC3F}.Release|Any CPU.Build.0 = Release|Any CPU
		{A92C30A7-53DA-18C2-7880-13D5CD490823}.Debug|Any CPU.ActiveCfg = Debug|Any CPU
		{A92C30A7-53DA-18C2-7880-13D5CD490823}.Debug|Any CPU.Build.0 = Debug|Any CPU
		{A92C30A7-53DA-18C2-7880-13D5CD490823}.Release|Any CPU.ActiveCfg = Release|Any CPU
		{A92C30A7-53DA-18C2-7880-13D5CD490823}.Release|Any CPU.Build.0 = Release|Any CPU
		{819BACAB-BDE1-412B-75DE-E4063E5324C7}.Debug|Any CPU.ActiveCfg = Debug|Any CPU
		{819BACAB-BDE1-412B-75DE-E4063E5324C7}.Debug|Any CPU.Build.0 = Debug|Any CPU
		{819BACAB-BDE1-412B-75DE-E4063E5324C7}.Release|Any CPU.ActiveCfg = Release|Any CPU
		{819BACAB-BDE1-412B-75DE-E4063E5324C7}.Release|Any CPU.Build.0 = Release|Any CPU
	EndGlobalSection
	GlobalSection(SolutionProperties) = preSolution
		HideSolutionNode = FALSE
	EndGlobalSection
	GlobalSection(MonoDevelopProperties) = preSolution
		StartupItem = Assembly-CSharp.csproj
	EndGlobalSection
EndGlobal
